// !$*UTF8*$!
{
	archiveVersion = 1;
	classes = {
	};
	objectVersion = 50;
	objects = {

/* Begin PBXBuildFile section */
		2E525166221346D3004F7151 /* DataModel.xcdatamodeld in Sources */ = {isa = PBXBuildFile; fileRef = 2E525164221346D3004F7151 /* DataModel.xcdatamodeld */; };
		2E5251682213A85B004F7151 /* CatergoryViewController.swift in Sources */ = {isa = PBXBuildFile; fileRef = 2E5251672213A85B004F7151 /* CatergoryViewController.swift */; };
		2EACF9E52211CAE400912BD3 /* AppDelegate.swift in Sources */ = {isa = PBXBuildFile; fileRef = 2EACF9E42211CAE400912BD3 /* AppDelegate.swift */; };
		2EACF9E72211CAE400912BD3 /* TodoListViewController.swift in Sources */ = {isa = PBXBuildFile; fileRef = 2EACF9E62211CAE400912BD3 /* TodoListViewController.swift */; };
		2EACF9EA2211CAE400912BD3 /* Main.storyboard in Resources */ = {isa = PBXBuildFile; fileRef = 2EACF9E82211CAE400912BD3 /* Main.storyboard */; };
		2EACF9EC2211CAE500912BD3 /* Assets.xcassets in Resources */ = {isa = PBXBuildFile; fileRef = 2EACF9EB2211CAE500912BD3 /* Assets.xcassets */; };
		2EACF9EF2211CAE500912BD3 /* LaunchScreen.storyboard in Resources */ = {isa = PBXBuildFile; fileRef = 2EACF9ED2211CAE500912BD3 /* LaunchScreen.storyboard */; };
/* End PBXBuildFile section */

/* Begin PBXFileReference section */
		2E525165221346D3004F7151 /* DataModel.xcdatamodel */ = {isa = PBXFileReference; lastKnownFileType = wrapper.xcdatamodel; path = DataModel.xcdatamodel; sourceTree = "<group>"; };
		2E5251672213A85B004F7151 /* CatergoryViewController.swift */ = {isa = PBXFileReference; lastKnownFileType = sourcecode.swift; path = CatergoryViewController.swift; sourceTree = "<group>"; };
		2EACF9E12211CAE400912BD3 /* Todoey2.app */ = {isa = PBXFileReference; explicitFileType = wrapper.application; includeInIndex = 0; path = Todoey2.app; sourceTree = BUILT_PRODUCTS_DIR; };
		2EACF9E42211CAE400912BD3 /* AppDelegate.swift */ = {isa = PBXFileReference; lastKnownFileType = sourcecode.swift; path = AppDelegate.swift; sourceTree = "<group>"; };
		2EACF9E62211CAE400912BD3 /* TodoListViewController.swift */ = {isa = PBXFileReference; lastKnownFileType = sourcecode.swift; path = TodoListViewController.swift; sourceTree = "<group>"; };
		2EACF9E92211CAE400912BD3 /* Base */ = {isa = PBXFileReference; lastKnownFileType = file.storyboard; name = Base; path = Base.lproj/Main.storyboard; sourceTree = "<group>"; };
		2EACF9EB2211CAE500912BD3 /* Assets.xcassets */ = {isa = PBXFileReference; lastKnownFileType = folder.assetcatalog; path = Assets.xcassets; sourceTree = "<group>"; };
		2EACF9EE2211CAE500912BD3 /* Base */ = {isa = PBXFileReference; lastKnownFileType = file.storyboard; name = Base; path = Base.lproj/LaunchScreen.storyboard; sourceTree = "<group>"; };
		2EACF9F02211CAE500912BD3 /* Info.plist */ = {isa = PBXFileReference; lastKnownFileType = text.plist.xml; path = Info.plist; sourceTree = "<group>"; };
/* End PBXFileReference section */

/* Begin PBXFrameworksBuildPhase section */
		2EACF9DE2211CAE400912BD3 /* Frameworks */ = {
			isa = PBXFrameworksBuildPhase;
			buildActionMask = 2147483647;
			files = (
			);
			runOnlyForDeploymentPostprocessing = 0;
		};
/* End PBXFrameworksBuildPhase section */

/* Begin PBXGroup section */
		2E525160221228D7004F7151 /* Data Model */ = {
			isa = PBXGroup;
			children = (
				2E525164221346D3004F7151 /* DataModel.xcdatamodeld */,
			);
			path = "Data Model";
			sourceTree = "<group>";
		};
		2E525161221228FC004F7151 /* Controllers */ = {
			isa = PBXGroup;
			children = (
				2E5251672213A85B004F7151 /* CatergoryViewController.swift */,
				2EACF9E62211CAE400912BD3 /* TodoListViewController.swift */,
			);
			path = Controllers;
			sourceTree = "<group>";
		};
		2E5251622212290E004F7151 /* Views */ = {
			isa = PBXGroup;
			children = (
				2EACF9E82211CAE400912BD3 /* Main.storyboard */,
			);
			path = Views;
			sourceTree = "<group>";
		};
		2E5251632212296B004F7151 /* Supporting Files */ = {
			isa = PBXGroup;
			children = (
				2EACF9EB2211CAE500912BD3 /* Assets.xcassets */,
				2EACF9ED2211CAE500912BD3 /* LaunchScreen.storyboard */,
			);
			path = "Supporting Files";
			sourceTree = "<group>";
		};
		2EACF9D82211CAE400912BD3 = {
			isa = PBXGroup;
			children = (
				2EACF9E32211CAE400912BD3 /* Todoey2 */,
				2EACF9E22211CAE400912BD3 /* Products */,
			);
			sourceTree = "<group>";
		};
		2EACF9E22211CAE400912BD3 /* Products */ = {
			isa = PBXGroup;
			children = (
				2EACF9E12211CAE400912BD3 /* Todoey2.app */,
			);
			name = Products;
			sourceTree = "<group>";
		};
		2EACF9E32211CAE400912BD3 /* Todoey2 */ = {
			isa = PBXGroup;
			children = (
				2EACF9E42211CAE400912BD3 /* AppDelegate.swift */,
				2E525161221228FC004F7151 /* Controllers */,
				2E525160221228D7004F7151 /* Data Model */,
				2E5251622212290E004F7151 /* Views */,
				2E5251632212296B004F7151 /* Supporting Files */,
				2EACF9F02211CAE500912BD3 /* Info.plist */,
			);
			path = Todoey2;
			sourceTree = "<group>";
		};
/* End PBXGroup section */

/* Begin PBXNativeTarget section */
		2EACF9E02211CAE400912BD3 /* Todoey2 */ = {
			isa = PBXNativeTarget;
			buildConfigurationList = 2EACF9F32211CAE500912BD3 /* Build configuration list for PBXNativeTarget "Todoey2" */;
			buildPhases = (
				2EACF9DD2211CAE400912BD3 /* Sources */,
				2EACF9DE2211CAE400912BD3 /* Frameworks */,
				2EACF9DF2211CAE400912BD3 /* Resources */,
			);
			buildRules = (
			);
			dependencies = (
			);
			name = Todoey2;
			productName = Todoey2;
			productReference = 2EACF9E12211CAE400912BD3 /* Todoey2.app */;
			productType = "com.apple.product-type.application";
		};
/* End PBXNativeTarget section */

/* Begin PBXProject section */
		2EACF9D92211CAE400912BD3 /* Project object */ = {
			isa = PBXProject;
			attributes = {
				LastSwiftUpdateCheck = 1010;
				LastUpgradeCheck = 1010;
				ORGANIZATIONNAME = "Morgan Hondros";
				TargetAttributes = {
					2EACF9E02211CAE400912BD3 = {
						CreatedOnToolsVersion = 10.1;
					};
				};
			};
			buildConfigurationList = 2EACF9DC2211CAE400912BD3 /* Build configuration list for PBXProject "Todoey2" */;
			compatibilityVersion = "Xcode 9.3";
			developmentRegion = en;
			hasScannedForEncodings = 0;
			knownRegions = (
				en,
				Base,
			);
			mainGroup = 2EACF9D82211CAE400912BD3;
			productRefGroup = 2EACF9E22211CAE400912BD3 /* Products */;
			projectDirPath = "";
			projectRoot = "";
			targets = (
				2EACF9E02211CAE400912BD3 /* Todoey2 */,
			);
		};
/* End PBXProject section */

/* Begin PBXResourcesBuildPhase section */
		2EACF9DF2211CAE400912BD3 /* Resources */ = {
			isa = PBXResourcesBuildPhase;
			buildActionMask = 2147483647;
			files = (
				2EACF9EF2211CAE500912BD3 /* LaunchScreen.storyboard in Resources */,
				2EACF9EC2211CAE500912BD3 /* Assets.xcassets in Resources */,
				2EACF9EA2211CAE400912BD3 /* Main.storyboard in Resources */,
			);
			runOnlyForDeploymentPostprocessing = 0;
		};
/* End PBXResourcesBuildPhase section */

/* Begin PBXSourcesBuildPhase section */
		2EACF9DD2211CAE400912BD3 /* Sources */ = {
			isa = PBXSourcesBuildPhase;
			buildActionMask = 2147483647;
			files = (
				2EACF9E72211CAE400912BD3 /* TodoListViewController.swift in Sources */,
				2E525166221346D3004F7151 /* DataModel.xcdatamodeld in Sources */,
				2EACF9E52211CAE400912BD3 /* AppDelegate.swift in Sources */,
				2E5251682213A85B004F7151 /* CatergoryViewController.swift in Sources */,
			);
			runOnlyForDeploymentPostprocessing = 0;
		};
/* End PBXSourcesBuildPhase section */

/* Begin PBXVariantGroup section */
		2EACF9E82211CAE400912BD3 /* Main.storyboard */ = {
			isa = PBXVariantGroup;
			children = (
				2EACF9E92211CAE400912BD3 /* Base */,
			);
			name = Main.storyboard;
			sourceTree = "<group>";
		};
		2EACF9ED2211CAE500912BD3 /* LaunchScreen.storyboard */ = {
			isa = PBXVariantGroup;
			children = (
				2EACF9EE2211CAE500912BD3 /* Base */,
			);
			name = LaunchScreen.storyboard;
			sourceTree = "<group>";
		};
/* End PBXVariantGroup section */

/* Begin XCBuildConfiguration section */
		2EACF9F12211CAE500912BD3 /* Debug */ = {
			isa = XCBuildConfiguration;
			buildSettings = {
				ALWAYS_SEARCH_USER_PATHS = NO;
				CLANG_ANALYZER_NONNULL = YES;
				CLANG_ANALYZER_NUMBER_OBJECT_CONVERSION = YES_AGGRESSIVE;
				CLANG_CXX_LANGUAGE_STANDARD = "gnu++14";
				CLANG_CXX_LIBRARY = "libc++";
				CLANG_ENABLE_MODULES = YES;
				CLANG_ENABLE_OBJC_ARC = YES;
				CLANG_ENABLE_OBJC_WEAK = YES;
				CLANG_WARN_BLOCK_CAPTURE_AUTORELEASING = YES;
				CLANG_WARN_BOOL_CONVERSION = YES;
				CLANG_WARN_COMMA = YES;
				CLANG_WARN_CONSTANT_CONVERSION = YES;
				CLANG_WARN_DEPRECATED_OBJC_IMPLEMENTATIONS = YES;
				CLANG_WARN_DIRECT_OBJC_ISA_USAGE = YES_ERROR;
				CLANG_WARN_DOCUMENTATION_COMMENTS = YES;
				CLANG_WARN_EMPTY_BODY = YES;
				CLANG_WARN_ENUM_CONVERSION = YES;
				CLANG_WARN_INFINITE_RECURSION = YES;
				CLANG_WARN_INT_CONVERSION = YES;
				CLANG_WARN_NON_LITERAL_NULL_CONVERSION = YES;
				CLANG_WARN_OBJC_IMPLICIT_RETAIN_SELF = YES;
				CLANG_WARN_OBJC_LITERAL_CONVERSION = YES;
				CLANG_WARN_OBJC_ROOT_CLASS = YES_ERROR;
				CLANG_WARN_RANGE_LOOP_ANALYSIS = YES;
				CLANG_WARN_STRICT_PROTOTYPES = YES;
				CLANG_WARN_SUSPICIOUS_MOVE = YES;
				CLANG_WARN_UNGUARDED_AVAILABILITY = YES_AGGRESSIVE;
				CLANG_WARN_UNREACHABLE_CODE = YES;
				CLANG_WARN__DUPLICATE_METHOD_MATCH = YES;
				CODE_SIGN_IDENTITY = "iPhone Developer";
				COPY_PHASE_STRIP = NO;
				DEBUG_INFORMATION_FORMAT = dwarf;
				ENABLE_STRICT_OBJC_MSGSEND = YES;
				ENABLE_TESTABILITY = YES;
				GCC_C_LANGUAGE_STANDARD = gnu11;
				GCC_DYNAMIC_NO_PIC = NO;
				GCC_NO_COMMON_BLOCKS = YES;
				GCC_OPTIMIZATION_LEVEL = 0;
				GCC_PREPROCESSOR_DEFINITIONS = (
					"DEBUG=1",
					"$(inherited)",
				);
				GCC_WARN_64_TO_32_BIT_CONVERSION = YES;
				GCC_WARN_ABOUT_RETURN_TYPE = YES_ERROR;
				GCC_WARN_UNDECLARED_SELECTOR = YES;
				GCC_WARN_UNINITIALIZED_AUTOS = YES_AGGRESSIVE;
				GCC_WARN_UNUSED_FUNCTION = YES;
				GCC_WARN_UNUSED_VARIABLE = YES;
				IPHONEOS_DEPLOYMENT_TARGET = 12.1;
				MTL_ENABLE_DEBUG_INFO = INCLUDE_SOURCE;
				MTL_FAST_MATH = YES;
				ONLY_ACTIVE_ARCH = YES;
				SDKROOT = iphoneos;
				SWIFT_ACTIVE_COMPILATION_CONDITIONS = DEBUG;
				SWIFT_OPTIMIZATION_LEVEL = "-Onone";
			};
			name = Debug;
		};
		2EACF9F22211CAE500912BD3 /* Release */ = {
			isa = XCBuildConfiguration;
			buildSettings = {
				ALWAYS_SEARCH_USER_PATHS = NO;
				CLANG_ANALYZER_NONNULL = YES;
				CLANG_ANALYZER_NUMBER_OBJECT_CONVERSION = YES_AGGRESSIVE;
				CLANG_CXX_LANGUAGE_STANDARD = "gnu++14";
				CLANG_CXX_LIBRARY = "libc++";
				CLANG_ENABLE_MODULES = YES;
				CLANG_ENABLE_OBJC_ARC = YES;
				CLANG_ENABLE_OBJC_WEAK = YES;
				CLANG_WARN_BLOCK_CAPTURE_AUTORELEASING = YES;
				CLANG_WARN_BOOL_CONVERSION = YES;
				CLANG_WARN_COMMA = YES;
				CLANG_WARN_CONSTANT_CONVERSION = YES;
				CLANG_WARN_DEPRECATED_OBJC_IMPLEMENTATIONS = YES;
				CLANG_WARN_DIRECT_OBJC_ISA_USAGE = YES_ERROR;
				CLANG_WARN_DOCUMENTATION_COMMENTS = YES;
				CLANG_WARN_EMPTY_BODY = YES;
				CLANG_WARN_ENUM_CONVERSION = YES;
				CLANG_WARN_INFINITE_RECURSION = YES;
				CLANG_WARN_INT_CONVERSION = YES;
				CLANG_WARN_NON_LITERAL_NULL_CONVERSION = YES;
				CLANG_WARN_OBJC_IMPLICIT_RETAIN_SELF = YES;
				CLANG_WARN_OBJC_LITERAL_CONVERSION = YES;
				CLANG_WARN_OBJC_ROOT_CLASS = YES_ERROR;
				CLANG_WARN_RANGE_LOOP_ANALYSIS = YES;
				CLANG_WARN_STRICT_PROTOTYPES = YES;
				CLANG_WARN_SUSPICIOUS_MOVE = YES;
				CLANG_WARN_UNGUARDED_AVAILABILITY = YES_AGGRESSIVE;
				CLANG_WARN_UNREACHABLE_CODE = YES;
				CLANG_WARN__DUPLICATE_METHOD_MATCH = YES;
				CODE_SIGN_IDENTITY = "iPhone Developer";
				COPY_PHASE_STRIP = NO;
				DEBUG_INFORMATION_FORMAT = "dwarf-with-dsym";
				ENABLE_NS_ASSERTIONS = NO;
				ENABLE_STRICT_OBJC_MSGSEND = YES;
				GCC_C_LANGUAGE_STANDARD = gnu11;
				GCC_NO_COMMON_BLOCKS = YES;
				GCC_WARN_64_TO_32_BIT_CONVERSION = YES;
				GCC_WARN_ABOUT_RETURN_TYPE = YES_ERROR;
				GCC_WARN_UNDECLARED_SELECTOR = YES;
				GCC_WARN_UNINITIALIZED_AUTOS = YES_AGGRESSIVE;
				GCC_WARN_UNUSED_FUNCTION = YES;
				GCC_WARN_UNUSED_VARIABLE = YES;
				IPHONEOS_DEPLOYMENT_TARGET = 12.1;
				MTL_ENABLE_DEBUG_INFO = NO;
				MTL_FAST_MATH = YES;
				SDKROOT = iphoneos;
				SWIFT_COMPILATION_MODE = wholemodule;
				SWIFT_OPTIMIZATION_LEVEL = "-O";
				VALIDATE_PRODUCT = YES;
			};
			name = Release;
		};
		2EACF9F42211CAE500912BD3 /* Debug */ = {
			isa = XCBuildConfiguration;
			buildSettings = {
				ASSETCATALOG_COMPILER_APPICON_NAME = AppIcon;
				CODE_SIGN_STYLE = Automatic;
				DEVELOPMENT_TEAM = 84VMW95BTC;
				INFOPLIST_FILE = Todoey2/Info.plist;
				LD_RUNPATH_SEARCH_PATHS = (
					"$(inherited)",
					"@executable_path/Frameworks",
				);
				PRODUCT_BUNDLE_IDENTIFIER = projects.morgan.Todoey2;
				PRODUCT_NAME = "$(TARGET_NAME)";
				SWIFT_VERSION = 4.2;
				TARGETED_DEVICE_FAMILY = "1,2";
			};
			name = Debug;
		};
		2EACF9F52211CAE500912BD3 /* Release */ = {
			isa = XCBuildConfiguration;
			buildSettings = {
				ASSETCATALOG_COMPILER_APPICON_NAME = AppIcon;
				CODE_SIGN_STYLE = Automatic;
				DEVELOPMENT_TEAM = 84VMW95BTC;
				INFOPLIST_FILE = Todoey2/Info.plist;
				LD_RUNPATH_SEARCH_PATHS = (
					"$(inherited)",
					"@executable_path/Frameworks",
				);
				PRODUCT_BUNDLE_IDENTIFIER = projects.morgan.Todoey2;
				PRODUCT_NAME = "$(TARGET_NAME)";
				SWIFT_VERSION = 4.2;
				TARGETED_DEVICE_FAMILY = "1,2";
			};
			name = Release;
		};
/* End XCBuildConfiguration section */

/* Begin XCConfigurationList section */
		2EACF9DC2211CAE400912BD3 /* Build configuration list for PBXProject "Todoey2" */ = {
			isa = XCConfigurationList;
			buildConfigurations = (
				2EACF9F12211CAE500912BD3 /* Debug */,
				2EACF9F22211CAE500912BD3 /* Release */,
			);
			defaultConfigurationIsVisible = 0;
			defaultConfigurationName = Release;
		};
		2EACF9F32211CAE500912BD3 /* Build configuration list for PBXNativeTarget "Todoey2" */ = {
			isa = XCConfigurationList;
			buildConfigurations = (
				2EACF9F42211CAE500912BD3 /* Debug */,
				2EACF9F52211CAE500912BD3 /* Release */,
			);
			defaultConfigurationIsVisible = 0;
			defaultConfigurationName = Release;
		};
/* End XCConfigurationList section */

/* Begin XCVersionGroup section */
		2E525164221346D3004F7151 /* DataModel.xcdatamodeld */ = {
			isa = XCVersionGroup;
			children = (
				2E525165221346D3004F7151 /* DataModel.xcdatamodel */,
			);
			currentVersion = 2E525165221346D3004F7151 /* DataModel.xcdatamodel */;
			path = DataModel.xcdatamodeld;
			sourceTree = "<group>";
			versionGroupType = wrapper.xcdatamodel;
		};
/* End XCVersionGroup section */
	};
	rootObject = 2EACF9D92211CAE400912BD3 /* Project object */;
}
